
Microsoft Visual Studio Solution File, Format Version 12.00
# Visual Studio Version 17
VisualStudioVersion = 17.0.31903.59
MinimumVisualStudioVersion = 10.0.40219.1
Project("{2150E333-8FDC-42A3-9474-1A3956D46DE8}") = "week2", "week2", "{C09E9078-1784-4616-833D-363B2C4FD0B3}"
EndProject
Project("{2150E333-8FDC-42A3-9474-1A3956D46DE8}") = "variableData", "variableData", "{56833E6C-E8B2-496C-98B0-7B512B813CCF}"
EndProject
Project("{FAE04EC0-301F-11D3-BF4B-00C04F79EFBC}") = "Challenge", "week2\variableData\Challenge\Challenge.csproj", "{70C17582-0A63-4457-87D2-9BEF922C96D6}"
EndProject
Project("{2150E333-8FDC-42A3-9474-1A3956D46DE8}") = "methods", "methods", "{AEBB9756-4FC6-4029-B713-1395E706BF63}"
EndProject
Project("{FAE04EC0-301F-11D3-BF4B-00C04F79EFBC}") = "Challenge", "week2\methods\Challenge\Challenge.csproj", "{88512E04-CF42-4589-985B-CA14C6FEF99E}"
EndProject
Project("{2150E333-8FDC-42A3-9474-1A3956D46DE8}") = "week3", "week3", "{D7B4174F-BB72-4B3B-917C-2811E817C319}"
EndProject
Project("{FAE04EC0-301F-11D3-BF4B-00C04F79EFBC}") = "async", "week3\async\async.csproj", "{19B68CDF-C363-4D29-9904-1B50E78BC79B}"
EndProject
Project("{FAE04EC0-301F-11D3-BF4B-00C04F79EFBC}") = "linq1", "week3\linq1\linq1.csproj", "{38BF3A30-A867-47B8-9E2D-8413EDBDC603}"
EndProject
Global
	GlobalSection(SolutionConfigurationPlatforms) = preSolution
		Debug|Any CPU = Debug|Any CPU
		Release|Any CPU = Release|Any CPU
	EndGlobalSection
	GlobalSection(SolutionProperties) = preSolution
		HideSolutionNode = FALSE
	EndGlobalSection
	GlobalSection(ProjectConfigurationPlatforms) = postSolution
		{70C17582-0A63-4457-87D2-9BEF922C96D6}.Debug|Any CPU.ActiveCfg = Debug|Any CPU
		{70C17582-0A63-4457-87D2-9BEF922C96D6}.Debug|Any CPU.Build.0 = Debug|Any CPU
		{70C17582-0A63-4457-87D2-9BEF922C96D6}.Release|Any CPU.ActiveCfg = Release|Any CPU
		{70C17582-0A63-4457-87D2-9BEF922C96D6}.Release|Any CPU.Build.0 = Release|Any CPU
		{88512E04-CF42-4589-985B-CA14C6FEF99E}.Debug|Any CPU.ActiveCfg = Debug|Any CPU
		{88512E04-CF42-4589-985B-CA14C6FEF99E}.Debug|Any CPU.Build.0 = Debug|Any CPU
		{88512E04-CF42-4589-985B-CA14C6FEF99E}.Release|Any CPU.ActiveCfg = Release|Any CPU
		{88512E04-CF42-4589-985B-CA14C6FEF99E}.Release|Any CPU.Build.0 = Release|Any CPU
		{19B68CDF-C363-4D29-9904-1B50E78BC79B}.Debug|Any CPU.ActiveCfg = Debug|Any CPU
		{19B68CDF-C363-4D29-9904-1B50E78BC79B}.Debug|Any CPU.Build.0 = Debug|Any CPU
		{19B68CDF-C363-4D29-9904-1B50E78BC79B}.Release|Any CPU.ActiveCfg = Release|Any CPU
		{19B68CDF-C363-4D29-9904-1B50E78BC79B}.Release|Any CPU.Build.0 = Release|Any CPU
		{38BF3A30-A867-47B8-9E2D-8413EDBDC603}.Debug|Any CPU.ActiveCfg = Debug|Any CPU
		{38BF3A30-A867-47B8-9E2D-8413EDBDC603}.Debug|Any CPU.Build.0 = Debug|Any CPU
		{38BF3A30-A867-47B8-9E2D-8413EDBDC603}.Release|Any CPU.ActiveCfg = Release|Any CPU
		{38BF3A30-A867-47B8-9E2D-8413EDBDC603}.Release|Any CPU.Build.0 = Release|Any CPU
	EndGlobalSection
	GlobalSection(NestedProjects) = preSolution
		{56833E6C-E8B2-496C-98B0-7B512B813CCF} = {C09E9078-1784-4616-833D-363B2C4FD0B3}
		{70C17582-0A63-4457-87D2-9BEF922C96D6} = {56833E6C-E8B2-496C-98B0-7B512B813CCF}
		{AEBB9756-4FC6-4029-B713-1395E706BF63} = {C09E9078-1784-4616-833D-363B2C4FD0B3}
		{88512E04-CF42-4589-985B-CA14C6FEF99E} = {AEBB9756-4FC6-4029-B713-1395E706BF63}
		{19B68CDF-C363-4D29-9904-1B50E78BC79B} = {D7B4174F-BB72-4B3B-917C-2811E817C319}
		{38BF3A30-A867-47B8-9E2D-8413EDBDC603} = {D7B4174F-BB72-4B3B-917C-2811E817C319}
	EndGlobalSection
EndGlobal
